
Microsoft Visual Studio Solution File, Format Version 12.00
# Visual Studio Version 16
VisualStudioVersion = 16.0.29709.97
MinimumVisualStudioVersion = 10.0.40219.1
Project("{FAE04EC0-301F-11D3-BF4B-00C04F79EFBC}") = "SimpleMVCApplication", "SimpleMVCApplication\SimpleMVCApplication.csproj", "{93340E70-ABDF-4FBB-8959-9A7457A3D95A}"
EndProject
Global
	GlobalSection(SolutionConfigurationPlatforms) = preSolution
		Debug|Any CPU = Debug|Any CPU
		Release|Any CPU = Release|Any CPU
	EndGlobalSection
	GlobalSection(ProjectConfigurationPlatforms) = postSolution
		{93340E70-ABDF-4FBB-8959-9A7457A3D95A}.Debug|Any CPU.ActiveCfg = Debug|Any CPU
		{93340E70-ABDF-4FBB-8959-9A7457A3D95A}.Debug|Any CPU.Build.0 = Debug|Any CPU
		{93340E70-ABDF-4FBB-8959-9A7457A3D95A}.Release|Any CPU.ActiveCfg = Release|Any CPU
		{93340E70-ABDF-4FBB-8959-9A7457A3D95A}.Release|Any CPU.Build.0 = Release|Any CPU
	EndGlobalSection
	GlobalSection(SolutionProperties) = preSolution
		HideSolutionNode = FALSE
	EndGlobalSection
	GlobalSection(ExtensibilityGlobals) = postSolution
		SolutionGuid = {AFAE1093-586B-42C5-9ED3-CC9FDA28A94E}
	EndGlobalSection
EndGlobal
